
Microsoft Visual Studio Solution File, Format Version 12.00
# Visual Studio Version 17
VisualStudioVersion = 17.0.32112.339
MinimumVisualStudioVersion = 10.0.40219.1
Project("{FAE04EC0-301F-11D3-BF4B-00C04F79EFBC}") = "CheckerboardProject", "CheckerboardProject\CheckerboardProject.csproj", "{9C27012C-B35D-41A1-9140-DFED82D04CFC}"
EndProject
Global
	GlobalSection(SolutionConfigurationPlatforms) = preSolution
		Debug|Any CPU = Debug|Any CPU
		Release|Any CPU = Release|Any CPU
	EndGlobalSection
	GlobalSection(ProjectConfigurationPlatforms) = postSolution
		{9C27012C-B35D-41A1-9140-DFED82D04CFC}.Debug|Any CPU.ActiveCfg = Debug|Any CPU
		{9C27012C-B35D-41A1-9140-DFED82D04CFC}.Debug|Any CPU.Build.0 = Debug|Any CPU
		{9C27012C-B35D-41A1-9140-DFED82D04CFC}.Release|Any CPU.ActiveCfg = Release|Any CPU
		{9C27012C-B35D-41A1-9140-DFED82D04CFC}.Release|Any CPU.Build.0 = Release|Any CPU
	EndGlobalSection
	GlobalSection(SolutionProperties) = preSolution
		HideSolutionNode = FALSE
	EndGlobalSection
	GlobalSection(ExtensibilityGlobals) = postSolution
		SolutionGuid = {1BF21F99-ED00-4B7D-B171-955D4AB8C648}
	EndGlobalSection
EndGlobal
